
Microsoft Visual Studio Solution File, Format Version 12.00
# Visual Studio Version 16
VisualStudioVersion = 16.0.29411.108
MinimumVisualStudioVersion = 10.0.40219.1
Project("{9A19103F-16F7-4668-BE54-9A1E7A4F7556}") = "CSVParser", "CSVParser\CSVParser.csproj", "{7FA6DB81-0E9B-4F46-9FD3-F7858460A413}"
EndProject
Project("{2150E333-8FDC-42A3-9474-1A3956D46DE8}") = "SolutionItems", "SolutionItems", "{DA217693-820E-4067-A6F8-7B53D165CCB1}"
	ProjectSection(SolutionItems) = preProject
		C:\Users\i.leshkevich\Downloads\.editorconfig = C:\Users\i.leshkevich\Downloads\.editorconfig
		..\..\task1\GithubFiles\default.ruleset = ..\..\task1\GithubFiles\default.ruleset
	EndProjectSection
EndProject
Global
	GlobalSection(SolutionConfigurationPlatforms) = preSolution
		Debug|Any CPU = Debug|Any CPU
		Release|Any CPU = Release|Any CPU
	EndGlobalSection
	GlobalSection(ProjectConfigurationPlatforms) = postSolution
		{7FA6DB81-0E9B-4F46-9FD3-F7858460A413}.Debug|Any CPU.ActiveCfg = Debug|Any CPU
		{7FA6DB81-0E9B-4F46-9FD3-F7858460A413}.Debug|Any CPU.Build.0 = Debug|Any CPU
		{7FA6DB81-0E9B-4F46-9FD3-F7858460A413}.Release|Any CPU.ActiveCfg = Release|Any CPU
		{7FA6DB81-0E9B-4F46-9FD3-F7858460A413}.Release|Any CPU.Build.0 = Release|Any CPU
	EndGlobalSection
	GlobalSection(SolutionProperties) = preSolution
		HideSolutionNode = FALSE
	EndGlobalSection
	GlobalSection(ExtensibilityGlobals) = postSolution
		SolutionGuid = {B88653B6-19F5-466E-8C30-477AA2C28D7C}
	EndGlobalSection
EndGlobal
